
Microsoft Visual Studio Solution File, Format Version 12.00
# Visual Studio Version 16
VisualStudioVersion = 16.0.30717.126
MinimumVisualStudioVersion = 10.0.40219.1
Project("{FAE04EC0-301F-11D3-BF4B-00C04F79EFBC}") = "eKino", "eKino\eKino.csproj", "{46FD8121-9116-419D-9864-08E1AC495991}"
EndProject
Project("{FAE04EC0-301F-11D3-BF4B-00C04F79EFBC}") = "Podaci", "Podaci\Podaci.csproj", "{C8AA786A-7DBA-4DCF-9AC9-D4B9B152ECE7}"
EndProject
Global
	GlobalSection(SolutionConfigurationPlatforms) = preSolution
		Debug|Any CPU = Debug|Any CPU
		Release|Any CPU = Release|Any CPU
	EndGlobalSection
	GlobalSection(ProjectConfigurationPlatforms) = postSolution
		{46FD8121-9116-419D-9864-08E1AC495991}.Debug|Any CPU.ActiveCfg = Debug|Any CPU
		{46FD8121-9116-419D-9864-08E1AC495991}.Debug|Any CPU.Build.0 = Debug|Any CPU
		{46FD8121-9116-419D-9864-08E1AC495991}.Release|Any CPU.ActiveCfg = Release|Any CPU
		{46FD8121-9116-419D-9864-08E1AC495991}.Release|Any CPU.Build.0 = Release|Any CPU
		{C8AA786A-7DBA-4DCF-9AC9-D4B9B152ECE7}.Debug|Any CPU.ActiveCfg = Debug|Any CPU
		{C8AA786A-7DBA-4DCF-9AC9-D4B9B152ECE7}.Debug|Any CPU.Build.0 = Debug|Any CPU
		{C8AA786A-7DBA-4DCF-9AC9-D4B9B152ECE7}.Release|Any CPU.ActiveCfg = Release|Any CPU
		{C8AA786A-7DBA-4DCF-9AC9-D4B9B152ECE7}.Release|Any CPU.Build.0 = Release|Any CPU
	EndGlobalSection
	GlobalSection(SolutionProperties) = preSolution
		HideSolutionNode = FALSE
	EndGlobalSection
	GlobalSection(ExtensibilityGlobals) = postSolution
		SolutionGuid = {7F9BDFA5-2F66-4592-B2CA-77F58AEC30D7}
	EndGlobalSection
EndGlobal
